// !$*UTF8*$!
{
	archiveVersion = 1;
	classes = {
	};
	objectVersion = 51;
	objects = {

/* Begin PBXBuildFile section */
		6252F98D5CB8143FE4187FF7 /* Pods_Cha_Chat.framework in Frameworks */ = {isa = PBXBuildFile; fileRef = 31267863BDCE59115EEF9904 /* Pods_Cha_Chat.framework */; };
		7E2F0DA6240A1131003E603D /* ChatViewController.swift in Sources */ = {isa = PBXBuildFile; fileRef = 7E2F0DA5240A1131003E603D /* ChatViewController.swift */; };
		7E31538C23F442E300F9CEE3 /* AppDelegate.swift in Sources */ = {isa = PBXBuildFile; fileRef = 7E31538B23F442E300F9CEE3 /* AppDelegate.swift */; };
		7E31538E23F442E300F9CEE3 /* SceneDelegate.swift in Sources */ = {isa = PBXBuildFile; fileRef = 7E31538D23F442E300F9CEE3 /* SceneDelegate.swift */; };
		7E31539323F442E300F9CEE3 /* Main.storyboard in Resources */ = {isa = PBXBuildFile; fileRef = 7E31539123F442E300F9CEE3 /* Main.storyboard */; };
		7E31539523F442E400F9CEE3 /* Assets.xcassets in Resources */ = {isa = PBXBuildFile; fileRef = 7E31539423F442E400F9CEE3 /* Assets.xcassets */; };
		7E31539823F442E400F9CEE3 /* LaunchScreen.storyboard in Resources */ = {isa = PBXBuildFile; fileRef = 7E31539623F442E400F9CEE3 /* LaunchScreen.storyboard */; };
		7E3153A023F4437E00F9CEE3 /* GoogleService-Info.plist in Resources */ = {isa = PBXBuildFile; fileRef = 7E31539F23F4437E00F9CEE3 /* GoogleService-Info.plist */; };
		7E38EEA7240FEA110005DA82 /* MockMessage.swift in Sources */ = {isa = PBXBuildFile; fileRef = 7E38EEA6240FEA110005DA82 /* MockMessage.swift */; };
		7E56AA3924011F9A00A25FE3 /* FriendListViewController.swift in Sources */ = {isa = PBXBuildFile; fileRef = 7E56AA3824011F9A00A25FE3 /* FriendListViewController.swift */; };
		7E92C05D24279FD000648FAF /* Friend.swift in Sources */ = {isa = PBXBuildFile; fileRef = 7E92C05C24279FD000648FAF /* Friend.swift */; };
		7EC35F0723F8EE980085E5CC /* Utilities.swift in Sources */ = {isa = PBXBuildFile; fileRef = 7EC35F0623F8EE980085E5CC /* Utilities.swift */; };
		7EC35F0923F93B6B0085E5CC /* Constants.swift in Sources */ = {isa = PBXBuildFile; fileRef = 7EC35F0823F93B6B0085E5CC /* Constants.swift */; };
		7EC35F0D23FAE6CA0085E5CC /* SignupViewController.swift in Sources */ = {isa = PBXBuildFile; fileRef = 7EC35F0C23FAE6CA0085E5CC /* SignupViewController.swift */; };
		7ECC118A23F44E6800A3C059 /* AuthViewController.swift in Sources */ = {isa = PBXBuildFile; fileRef = 7ECC118923F44E6800A3C059 /* AuthViewController.swift */; };
/* End PBXBuildFile section */

/* Begin PBXFileReference section */
		139C8C833530F871005AC222 /* Pods-Cha Chat.debug.xcconfig */ = {isa = PBXFileReference; includeInIndex = 1; lastKnownFileType = text.xcconfig; name = "Pods-Cha Chat.debug.xcconfig"; path = "Target Support Files/Pods-Cha Chat/Pods-Cha Chat.debug.xcconfig"; sourceTree = "<group>"; };
		31267863BDCE59115EEF9904 /* Pods_Cha_Chat.framework */ = {isa = PBXFileReference; explicitFileType = wrapper.framework; includeInIndex = 0; path = Pods_Cha_Chat.framework; sourceTree = BUILT_PRODUCTS_DIR; };
		7E2F0DA5240A1131003E603D /* ChatViewController.swift */ = {isa = PBXFileReference; lastKnownFileType = sourcecode.swift; path = ChatViewController.swift; sourceTree = "<group>"; };
		7E31538823F442E300F9CEE3 /* Cha Chat.app */ = {isa = PBXFileReference; explicitFileType = wrapper.application; includeInIndex = 0; path = "Cha Chat.app"; sourceTree = BUILT_PRODUCTS_DIR; };
		7E31538B23F442E300F9CEE3 /* AppDelegate.swift */ = {isa = PBXFileReference; lastKnownFileType = sourcecode.swift; path = AppDelegate.swift; sourceTree = "<group>"; };
		7E31538D23F442E300F9CEE3 /* SceneDelegate.swift */ = {isa = PBXFileReference; lastKnownFileType = sourcecode.swift; path = SceneDelegate.swift; sourceTree = "<group>"; };
		7E31539223F442E300F9CEE3 /* Base */ = {isa = PBXFileReference; lastKnownFileType = file.storyboard; name = Base; path = Base.lproj/Main.storyboard; sourceTree = "<group>"; };
		7E31539423F442E400F9CEE3 /* Assets.xcassets */ = {isa = PBXFileReference; lastKnownFileType = folder.assetcatalog; path = Assets.xcassets; sourceTree = "<group>"; };
		7E31539723F442E400F9CEE3 /* Base */ = {isa = PBXFileReference; lastKnownFileType = file.storyboard; name = Base; path = Base.lproj/LaunchScreen.storyboard; sourceTree = "<group>"; };
		7E31539923F442E400F9CEE3 /* Info.plist */ = {isa = PBXFileReference; lastKnownFileType = text.plist.xml; path = Info.plist; sourceTree = "<group>"; };
		7E31539F23F4437E00F9CEE3 /* GoogleService-Info.plist */ = {isa = PBXFileReference; fileEncoding = 4; lastKnownFileType = text.plist.xml; path = "GoogleService-Info.plist"; sourceTree = "<group>"; };
		7E38EEA6240FEA110005DA82 /* MockMessage.swift */ = {isa = PBXFileReference; lastKnownFileType = sourcecode.swift; path = MockMessage.swift; sourceTree = "<group>"; };
		7E56AA3724010C7C00A25FE3 /* Cha Chat.entitlements */ = {isa = PBXFileReference; lastKnownFileType = text.plist.entitlements; path = "Cha Chat.entitlements"; sourceTree = "<group>"; };
		7E56AA3824011F9A00A25FE3 /* FriendListViewController.swift */ = {isa = PBXFileReference; lastKnownFileType = sourcecode.swift; path = FriendListViewController.swift; sourceTree = "<group>"; };
		7E92C05C24279FD000648FAF /* Friend.swift */ = {isa = PBXFileReference; lastKnownFileType = sourcecode.swift; path = Friend.swift; sourceTree = "<group>"; };
		7EC35F0623F8EE980085E5CC /* Utilities.swift */ = {isa = PBXFileReference; lastKnownFileType = sourcecode.swift; path = Utilities.swift; sourceTree = "<group>"; };
		7EC35F0823F93B6B0085E5CC /* Constants.swift */ = {isa = PBXFileReference; lastKnownFileType = sourcecode.swift; path = Constants.swift; sourceTree = "<group>"; };
		7EC35F0C23FAE6CA0085E5CC /* SignupViewController.swift */ = {isa = PBXFileReference; lastKnownFileType = sourcecode.swift; path = SignupViewController.swift; sourceTree = "<group>"; };
		7ECC118923F44E6800A3C059 /* AuthViewController.swift */ = {isa = PBXFileReference; lastKnownFileType = sourcecode.swift; path = AuthViewController.swift; sourceTree = "<group>"; };
		BEE9F01DCA3DF7A0E27293F4 /* Pods-Cha Chat.release.xcconfig */ = {isa = PBXFileReference; includeInIndex = 1; lastKnownFileType = text.xcconfig; name = "Pods-Cha Chat.release.xcconfig"; path = "Target Support Files/Pods-Cha Chat/Pods-Cha Chat.release.xcconfig"; sourceTree = "<group>"; };
/* End PBXFileReference section */

/* Begin PBXFrameworksBuildPhase section */
		7E31538523F442E300F9CEE3 /* Frameworks */ = {
			isa = PBXFrameworksBuildPhase;
			buildActionMask = 2147483647;
			files = (
				6252F98D5CB8143FE4187FF7 /* Pods_Cha_Chat.framework in Frameworks */,
			);
			runOnlyForDeploymentPostprocessing = 0;
		};
/* End PBXFrameworksBuildPhase section */

/* Begin PBXGroup section */
		6F798CD7ABA9D4B46ADE93E1 /* Pods */ = {
			isa = PBXGroup;
			children = (
				139C8C833530F871005AC222 /* Pods-Cha Chat.debug.xcconfig */,
				BEE9F01DCA3DF7A0E27293F4 /* Pods-Cha Chat.release.xcconfig */,
			);
			path = Pods;
			sourceTree = "<group>";
		};
		7E31537F23F442E300F9CEE3 = {
			isa = PBXGroup;
			children = (
				7E31538A23F442E300F9CEE3 /* Cha Chat */,
				7E31538923F442E300F9CEE3 /* Products */,
				6F798CD7ABA9D4B46ADE93E1 /* Pods */,
				B79F7919A56B481CE1101EAC /* Frameworks */,
			);
			sourceTree = "<group>";
		};
		7E31538923F442E300F9CEE3 /* Products */ = {
			isa = PBXGroup;
			children = (
				7E31538823F442E300F9CEE3 /* Cha Chat.app */,
			);
			name = Products;
			sourceTree = "<group>";
		};
		7E31538A23F442E300F9CEE3 /* Cha Chat */ = {
			isa = PBXGroup;
			children = (
				7E56AA3724010C7C00A25FE3 /* Cha Chat.entitlements */,
				7E31538B23F442E300F9CEE3 /* AppDelegate.swift */,
				7E31538D23F442E300F9CEE3 /* SceneDelegate.swift */,
				7E31539123F442E300F9CEE3 /* Main.storyboard */,
				7E31539423F442E400F9CEE3 /* Assets.xcassets */,
				7E31539623F442E400F9CEE3 /* LaunchScreen.storyboard */,
				7E31539923F442E400F9CEE3 /* Info.plist */,
				7E31539F23F4437E00F9CEE3 /* GoogleService-Info.plist */,
				7ECC118923F44E6800A3C059 /* AuthViewController.swift */,
				7EC35F0623F8EE980085E5CC /* Utilities.swift */,
				7EC35F0823F93B6B0085E5CC /* Constants.swift */,
				7EC35F0C23FAE6CA0085E5CC /* SignupViewController.swift */,
				7E56AA3824011F9A00A25FE3 /* FriendListViewController.swift */,
				7E2F0DA5240A1131003E603D /* ChatViewController.swift */,
				7E38EEA6240FEA110005DA82 /* MockMessage.swift */,
				7E92C05C24279FD000648FAF /* Friend.swift */,
			);
			path = "Cha Chat";
			sourceTree = "<group>";
		};
		B79F7919A56B481CE1101EAC /* Frameworks */ = {
			isa = PBXGroup;
			children = (
				31267863BDCE59115EEF9904 /* Pods_Cha_Chat.framework */,
			);
			name = Frameworks;
			sourceTree = "<group>";
		};
/* End PBXGroup section */

/* Begin PBXNativeTarget section */
		7E31538723F442E300F9CEE3 /* Cha Chat */ = {
			isa = PBXNativeTarget;
			buildConfigurationList = 7E31539C23F442E400F9CEE3 /* Build configuration list for PBXNativeTarget "Cha Chat" */;
			buildPhases = (
				79B08FFD288FA77C0ACC16CE /* [CP] Check Pods Manifest.lock */,
				7E31538423F442E300F9CEE3 /* Sources */,
				7E31538523F442E300F9CEE3 /* Frameworks */,
				7E31538623F442E300F9CEE3 /* Resources */,
				7306E398A6206527966F7E68 /* [CP] Embed Pods Frameworks */,
				BAB8CEA8B229D4B40CFC7718 /* [CP] Copy Pods Resources */,
			);
			buildRules = (
			);
			dependencies = (
			);
			name = "Cha Chat";
			productName = "Cha Chat";
			productReference = 7E31538823F442E300F9CEE3 /* Cha Chat.app */;
			productType = "com.apple.product-type.application";
		};
/* End PBXNativeTarget section */

/* Begin PBXProject section */
		7E31538023F442E300F9CEE3 /* Project object */ = {
			isa = PBXProject;
			attributes = {
				LastSwiftUpdateCheck = 1120;
				LastUpgradeCheck = 1120;
				ORGANIZATIONNAME = "송용규";
				TargetAttributes = {
					7E31538723F442E300F9CEE3 = {
						CreatedOnToolsVersion = 11.2.1;
					};
				};
			};
			buildConfigurationList = 7E31538323F442E300F9CEE3 /* Build configuration list for PBXProject "Cha Chat" */;
			compatibilityVersion = "Xcode 9.3";
			developmentRegion = en;
			hasScannedForEncodings = 0;
			knownRegions = (
				en,
				Base,
			);
			mainGroup = 7E31537F23F442E300F9CEE3;
			productRefGroup = 7E31538923F442E300F9CEE3 /* Products */;
			projectDirPath = "";
			projectRoot = "";
			targets = (
				7E31538723F442E300F9CEE3 /* Cha Chat */,
			);
		};
/* End PBXProject section */

/* Begin PBXResourcesBuildPhase section */
		7E31538623F442E300F9CEE3 /* Resources */ = {
			isa = PBXResourcesBuildPhase;
			buildActionMask = 2147483647;
			files = (
				7E31539823F442E400F9CEE3 /* LaunchScreen.storyboard in Resources */,
				7E3153A023F4437E00F9CEE3 /* GoogleService-Info.plist in Resources */,
				7E31539523F442E400F9CEE3 /* Assets.xcassets in Resources */,
				7E31539323F442E300F9CEE3 /* Main.storyboard in Resources */,
			);
			runOnlyForDeploymentPostprocessing = 0;
		};
/* End PBXResourcesBuildPhase section */

/* Begin PBXShellScriptBuildPhase section */
		7306E398A6206527966F7E68 /* [CP] Embed Pods Frameworks */ = {
			isa = PBXShellScriptBuildPhase;
			buildActionMask = 2147483647;
			files = (
			);
			inputFileListPaths = (
				"${PODS_ROOT}/Target Support Files/Pods-Cha Chat/Pods-Cha Chat-frameworks-${CONFIGURATION}-input-files.xcfilelist",
			);
			name = "[CP] Embed Pods Frameworks";
			outputFileListPaths = (
				"${PODS_ROOT}/Target Support Files/Pods-Cha Chat/Pods-Cha Chat-frameworks-${CONFIGURATION}-output-files.xcfilelist",
			);
			runOnlyForDeploymentPostprocessing = 0;
			shellPath = /bin/sh;
			shellScript = "\"${PODS_ROOT}/Target Support Files/Pods-Cha Chat/Pods-Cha Chat-frameworks.sh\"\n";
			showEnvVarsInLog = 0;
		};
		79B08FFD288FA77C0ACC16CE /* [CP] Check Pods Manifest.lock */ = {
			isa = PBXShellScriptBuildPhase;
			buildActionMask = 2147483647;
			files = (
			);
			inputFileListPaths = (
			);
			inputPaths = (
				"${PODS_PODFILE_DIR_PATH}/Podfile.lock",
				"${PODS_ROOT}/Manifest.lock",
			);
			name = "[CP] Check Pods Manifest.lock";
			outputFileListPaths = (
			);
			outputPaths = (
				"$(DERIVED_FILE_DIR)/Pods-Cha Chat-checkManifestLockResult.txt",
			);
			runOnlyForDeploymentPostprocessing = 0;
			shellPath = /bin/sh;
			shellScript = "diff \"${PODS_PODFILE_DIR_PATH}/Podfile.lock\" \"${PODS_ROOT}/Manifest.lock\" > /dev/null\nif [ $? != 0 ] ; then\n    # print error to STDERR\n    echo \"error: The sandbox is not in sync with the Podfile.lock. Run 'pod install' or update your CocoaPods installation.\" >&2\n    exit 1\nfi\n# This output is used by Xcode 'outputs' to avoid re-running this script phase.\necho \"SUCCESS\" > \"${SCRIPT_OUTPUT_FILE_0}\"\n";
			showEnvVarsInLog = 0;
		};
		BAB8CEA8B229D4B40CFC7718 /* [CP] Copy Pods Resources */ = {
			isa = PBXShellScriptBuildPhase;
			buildActionMask = 2147483647;
			files = (
			);
			inputFileListPaths = (
				"${PODS_ROOT}/Target Support Files/Pods-Cha Chat/Pods-Cha Chat-resources-${CONFIGURATION}-input-files.xcfilelist",
			);
			name = "[CP] Copy Pods Resources";
			outputFileListPaths = (
				"${PODS_ROOT}/Target Support Files/Pods-Cha Chat/Pods-Cha Chat-resources-${CONFIGURATION}-output-files.xcfilelist",
			);
			runOnlyForDeploymentPostprocessing = 0;
			shellPath = /bin/sh;
			shellScript = "\"${PODS_ROOT}/Target Support Files/Pods-Cha Chat/Pods-Cha Chat-resources.sh\"\n";
			showEnvVarsInLog = 0;
		};
/* End PBXShellScriptBuildPhase section */

/* Begin PBXSourcesBuildPhase section */
		7E31538423F442E300F9CEE3 /* Sources */ = {
			isa = PBXSourcesBuildPhase;
			buildActionMask = 2147483647;
			files = (
				7ECC118A23F44E6800A3C059 /* AuthViewController.swift in Sources */,
				7E2F0DA6240A1131003E603D /* ChatViewController.swift in Sources */,
				7E56AA3924011F9A00A25FE3 /* FriendListViewController.swift in Sources */,
				7EC35F0D23FAE6CA0085E5CC /* SignupViewController.swift in Sources */,
				7E38EEA7240FEA110005DA82 /* MockMessage.swift in Sources */,
				7E31538C23F442E300F9CEE3 /* AppDelegate.swift in Sources */,
				7EC35F0723F8EE980085E5CC /* Utilities.swift in Sources */,
				7E31538E23F442E300F9CEE3 /* SceneDelegate.swift in Sources */,
				7E92C05D24279FD000648FAF /* Friend.swift in Sources */,
				7EC35F0923F93B6B0085E5CC /* Constants.swift in Sources */,
			);
			runOnlyForDeploymentPostprocessing = 0;
		};
/* End PBXSourcesBuildPhase section */

/* Begin PBXVariantGroup section */
		7E31539123F442E300F9CEE3 /* Main.storyboard */ = {
			isa = PBXVariantGroup;
			children = (
				7E31539223F442E300F9CEE3 /* Base */,
			);
			name = Main.storyboard;
			sourceTree = "<group>";
		};
		7E31539623F442E400F9CEE3 /* LaunchScreen.storyboard */ = {
			isa = PBXVariantGroup;
			children = (
				7E31539723F442E400F9CEE3 /* Base */,
			);
			name = LaunchScreen.storyboard;
			sourceTree = "<group>";
		};
/* End PBXVariantGroup section */

/* Begin XCBuildConfiguration section */
		7E31539A23F442E400F9CEE3 /* Debug */ = {
			isa = XCBuildConfiguration;
			buildSettings = {
				ALWAYS_SEARCH_USER_PATHS = NO;
				CLANG_ANALYZER_NONNULL = YES;
				CLANG_ANALYZER_NUMBER_OBJECT_CONVERSION = YES_AGGRESSIVE;
				CLANG_CXX_LANGUAGE_STANDARD = "gnu++14";
				CLANG_CXX_LIBRARY = "libc++";
				CLANG_ENABLE_MODULES = YES;
				CLANG_ENABLE_OBJC_ARC = YES;
				CLANG_ENABLE_OBJC_WEAK = YES;
				CLANG_WARN_BLOCK_CAPTURE_AUTORELEASING = YES;
				CLANG_WARN_BOOL_CONVERSION = YES;
				CLANG_WARN_COMMA = YES;
				CLANG_WARN_CONSTANT_CONVERSION = YES;
				CLANG_WARN_DEPRECATED_OBJC_IMPLEMENTATIONS = YES;
				CLANG_WARN_DIRECT_OBJC_ISA_USAGE = YES_ERROR;
				CLANG_WARN_DOCUMENTATION_COMMENTS = YES;
				CLANG_WARN_EMPTY_BODY = YES;
				CLANG_WARN_ENUM_CONVERSION = YES;
				CLANG_WARN_INFINITE_RECURSION = YES;
				CLANG_WARN_INT_CONVERSION = YES;
				CLANG_WARN_NON_LITERAL_NULL_CONVERSION = YES;
				CLANG_WARN_OBJC_IMPLICIT_RETAIN_SELF = YES;
				CLANG_WARN_OBJC_LITERAL_CONVERSION = YES;
				CLANG_WARN_OBJC_ROOT_CLASS = YES_ERROR;
				CLANG_WARN_RANGE_LOOP_ANALYSIS = YES;
				CLANG_WARN_STRICT_PROTOTYPES = YES;
				CLANG_WARN_SUSPICIOUS_MOVE = YES;
				CLANG_WARN_UNGUARDED_AVAILABILITY = YES_AGGRESSIVE;
				CLANG_WARN_UNREACHABLE_CODE = YES;
				CLANG_WARN__DUPLICATE_METHOD_MATCH = YES;
				COPY_PHASE_STRIP = NO;
				DEBUG_INFORMATION_FORMAT = dwarf;
				ENABLE_STRICT_OBJC_MSGSEND = YES;
				ENABLE_TESTABILITY = YES;
				GCC_C_LANGUAGE_STANDARD = gnu11;
				GCC_DYNAMIC_NO_PIC = NO;
				GCC_NO_COMMON_BLOCKS = YES;
				GCC_OPTIMIZATION_LEVEL = 0;
				GCC_PREPROCESSOR_DEFINITIONS = (
					"DEBUG=1",
					"$(inherited)",
				);
				GCC_WARN_64_TO_32_BIT_CONVERSION = YES;
				GCC_WARN_ABOUT_RETURN_TYPE = YES_ERROR;
				GCC_WARN_UNDECLARED_SELECTOR = YES;
				GCC_WARN_UNINITIALIZED_AUTOS = YES_AGGRESSIVE;
				GCC_WARN_UNUSED_FUNCTION = YES;
				GCC_WARN_UNUSED_VARIABLE = YES;
				IPHONEOS_DEPLOYMENT_TARGET = 13.2;
				MTL_ENABLE_DEBUG_INFO = INCLUDE_SOURCE;
				MTL_FAST_MATH = YES;
				ONLY_ACTIVE_ARCH = YES;
				SDKROOT = iphoneos;
				SWIFT_ACTIVE_COMPILATION_CONDITIONS = DEBUG;
				SWIFT_OPTIMIZATION_LEVEL = "-Onone";
			};
			name = Debug;
		};
		7E31539B23F442E400F9CEE3 /* Release */ = {
			isa = XCBuildConfiguration;
			buildSettings = {
				ALWAYS_SEARCH_USER_PATHS = NO;
				CLANG_ANALYZER_NONNULL = YES;
				CLANG_ANALYZER_NUMBER_OBJECT_CONVERSION = YES_AGGRESSIVE;
				CLANG_CXX_LANGUAGE_STANDARD = "gnu++14";
				CLANG_CXX_LIBRARY = "libc++";
				CLANG_ENABLE_MODULES = YES;
				CLANG_ENABLE_OBJC_ARC = YES;
				CLANG_ENABLE_OBJC_WEAK = YES;
				CLANG_WARN_BLOCK_CAPTURE_AUTORELEASING = YES;
				CLANG_WARN_BOOL_CONVERSION = YES;
				CLANG_WARN_COMMA = YES;
				CLANG_WARN_CONSTANT_CONVERSION = YES;
				CLANG_WARN_DEPRECATED_OBJC_IMPLEMENTATIONS = YES;
				CLANG_WARN_DIRECT_OBJC_ISA_USAGE = YES_ERROR;
				CLANG_WARN_DOCUMENTATION_COMMENTS = YES;
				CLANG_WARN_EMPTY_BODY = YES;
				CLANG_WARN_ENUM_CONVERSION = YES;
				CLANG_WARN_INFINITE_RECURSION = YES;
				CLANG_WARN_INT_CONVERSION = YES;
				CLANG_WARN_NON_LITERAL_NULL_CONVERSION = YES;
				CLANG_WARN_OBJC_IMPLICIT_RETAIN_SELF = YES;
				CLANG_WARN_OBJC_LITERAL_CONVERSION = YES;
				CLANG_WARN_OBJC_ROOT_CLASS = YES_ERROR;
				CLANG_WARN_RANGE_LOOP_ANALYSIS = YES;
				CLANG_WARN_STRICT_PROTOTYPES = YES;
				CLANG_WARN_SUSPICIOUS_MOVE = YES;
				CLANG_WARN_UNGUARDED_AVAILABILITY = YES_AGGRESSIVE;
				CLANG_WARN_UNREACHABLE_CODE = YES;
				CLANG_WARN__DUPLICATE_METHOD_MATCH = YES;
				COPY_PHASE_STRIP = NO;
				DEBUG_INFORMATION_FORMAT = "dwarf-with-dsym";
				ENABLE_NS_ASSERTIONS = NO;
				ENABLE_STRICT_OBJC_MSGSEND = YES;
				GCC_C_LANGUAGE_STANDARD = gnu11;
				GCC_NO_COMMON_BLOCKS = YES;
				GCC_WARN_64_TO_32_BIT_CONVERSION = YES;
				GCC_WARN_ABOUT_RETURN_TYPE = YES_ERROR;
				GCC_WARN_UNDECLARED_SELECTOR = YES;
				GCC_WARN_UNINITIALIZED_AUTOS = YES_AGGRESSIVE;
				GCC_WARN_UNUSED_FUNCTION = YES;
				GCC_WARN_UNUSED_VARIABLE = YES;
				IPHONEOS_DEPLOYMENT_TARGET = 13.2;
				MTL_ENABLE_DEBUG_INFO = NO;
				MTL_FAST_MATH = YES;
				SDKROOT = iphoneos;
				SWIFT_COMPILATION_MODE = wholemodule;
				SWIFT_OPTIMIZATION_LEVEL = "-O";
				VALIDATE_PRODUCT = YES;
			};
			name = Release;
		};
		7E31539D23F442E400F9CEE3 /* Debug */ = {
			isa = XCBuildConfiguration;
			baseConfigurationReference = 139C8C833530F871005AC222 /* Pods-Cha Chat.debug.xcconfig */;
			buildSettings = {
				ASSETCATALOG_COMPILER_APPICON_NAME = AppIcon;
				CODE_SIGN_ENTITLEMENTS = "Cha Chat/Cha Chat.entitlements";
				CODE_SIGN_STYLE = Automatic;
				DEVELOPMENT_TEAM = UNKLP2U2NQ;
				INFOPLIST_FILE = "Cha Chat/Info.plist";
				LD_RUNPATH_SEARCH_PATHS = (
					"$(inherited)",
					"@executable_path/Frameworks",
				);
				PRODUCT_BUNDLE_IDENTIFIER = "jp.co.tpsinc.iosstudy.3rd.Cha-Chat";
				PRODUCT_NAME = "$(TARGET_NAME)";
				SWIFT_VERSION = 5.0;
				TARGETED_DEVICE_FAMILY = "1,2";
			};
			name = Debug;
		};
		7E31539E23F442E400F9CEE3 /* Release */ = {
			isa = XCBuildConfiguration;
			baseConfigurationReference = BEE9F01DCA3DF7A0E27293F4 /* Pods-Cha Chat.release.xcconfig */;
			buildSettings = {
				ASSETCATALOG_COMPILER_APPICON_NAME = AppIcon;
				CODE_SIGN_ENTITLEMENTS = "Cha Chat/Cha Chat.entitlements";
				CODE_SIGN_STYLE = Automatic;
				DEVELOPMENT_TEAM = UNKLP2U2NQ;
				INFOPLIST_FILE = "Cha Chat/Info.plist";
				LD_RUNPATH_SEARCH_PATHS = (
					"$(inherited)",
					"@executable_path/Frameworks",
				);
				PRODUCT_BUNDLE_IDENTIFIER = "jp.co.tpsinc.iosstudy.3rd.Cha-Chat";
				PRODUCT_NAME = "$(TARGET_NAME)";
				SWIFT_VERSION = 5.0;
				TARGETED_DEVICE_FAMILY = "1,2";
			};
			name = Release;
		};
/* End XCBuildConfiguration section */

/* Begin XCConfigurationList section */
		7E31538323F442E300F9CEE3 /* Build configuration list for PBXProject "Cha Chat" */ = {
			isa = XCConfigurationList;
			buildConfigurations = (
				7E31539A23F442E400F9CEE3 /* Debug */,
				7E31539B23F442E400F9CEE3 /* Release */,
			);
			defaultConfigurationIsVisible = 0;
			defaultConfigurationName = Release;
		};
		7E31539C23F442E400F9CEE3 /* Build configuration list for PBXNativeTarget "Cha Chat" */ = {
			isa = XCConfigurationList;
			buildConfigurations = (
				7E31539D23F442E400F9CEE3 /* Debug */,
				7E31539E23F442E400F9CEE3 /* Release */,
			);
			defaultConfigurationIsVisible = 0;
			defaultConfigurationName = Release;
		};
/* End XCConfigurationList section */
	};
	rootObject = 7E31538023F442E300F9CEE3 /* Project object */;
}
